
Microsoft Visual Studio Solution File, Format Version 12.00
# Visual Studio Version 17
VisualStudioVersion = 17.11.35005.142
MinimumVisualStudioVersion = 10.0.40219.1
Project("{9A19103F-16F7-4668-BE54-9A1E7A4F7556}") = "SalesWebMvc", "SalesWebMVC\SalesWebMvc.csproj", "{67F8C8C4-EF4A-4550-82ED-173422AC9BAB}"
EndProject
Global
	GlobalSection(SolutionConfigurationPlatforms) = preSolution
		Debug|Any CPU = Debug|Any CPU
		Release|Any CPU = Release|Any CPU
	EndGlobalSection
	GlobalSection(ProjectConfigurationPlatforms) = postSolution
		{67F8C8C4-EF4A-4550-82ED-173422AC9BAB}.Debug|Any CPU.ActiveCfg = Debug|Any CPU
		{67F8C8C4-EF4A-4550-82ED-173422AC9BAB}.Debug|Any CPU.Build.0 = Debug|Any CPU
		{67F8C8C4-EF4A-4550-82ED-173422AC9BAB}.Release|Any CPU.ActiveCfg = Release|Any CPU
		{67F8C8C4-EF4A-4550-82ED-173422AC9BAB}.Release|Any CPU.Build.0 = Release|Any CPU
	EndGlobalSection
	GlobalSection(SolutionProperties) = preSolution
		HideSolutionNode = FALSE
	EndGlobalSection
	GlobalSection(ExtensibilityGlobals) = postSolution
		SolutionGuid = {AFA7A390-F4C3-4BEE-8B42-2B3F150C9558}
	EndGlobalSection
EndGlobal
